
Microsoft Visual Studio Solution File, Format Version 12.00
# Visual Studio Version 17
VisualStudioVersion = 17.4.33122.133
MinimumVisualStudioVersion = 10.0.40219.1
Project("{FAE04EC0-301F-11D3-BF4B-00C04F79EFBC}") = "CommandExtension", "CommandExtension\CommandExtension.csproj", "{B7EAA018-E0FC-4A5F-BDBE-94798E3365DE}"
EndProject
Project("{FAE04EC0-301F-11D3-BF4B-00C04F79EFBC}") = "ControllerBypass", "ControllerBypass\ControllerBypass.csproj", "{1B192269-2D69-4904-A679-AC402E89CAD3}"
EndProject
Project("{FAE04EC0-301F-11D3-BF4B-00C04F79EFBC}") = "Testing", "Testing\Testing.csproj", "{302487BE-82A1-4CEA-869E-634D70630FD7}"
EndProject
Project("{FAE04EC0-301F-11D3-BF4B-00C04F79EFBC}") = "AutoFillMuseum", "AutoFillMuseum\AutoFillMuseum.csproj", "{42FB4437-21F9-42F4-91DB-CE0F908CEAA8}"
EndProject
Project("{FAE04EC0-301F-11D3-BF4B-00C04F79EFBC}") = "Companion", "Companion\Companion.csproj", "{4CE6075F-1299-4DD1-8024-5828574443CE}"
EndProject
Global
	GlobalSection(SolutionConfigurationPlatforms) = preSolution
		Debug|Any CPU = Debug|Any CPU
		Release|Any CPU = Release|Any CPU
	EndGlobalSection
	GlobalSection(ProjectConfigurationPlatforms) = postSolution
		{B7EAA018-E0FC-4A5F-BDBE-94798E3365DE}.Debug|Any CPU.ActiveCfg = Debug|Any CPU
		{B7EAA018-E0FC-4A5F-BDBE-94798E3365DE}.Debug|Any CPU.Build.0 = Debug|Any CPU
		{B7EAA018-E0FC-4A5F-BDBE-94798E3365DE}.Release|Any CPU.ActiveCfg = Release|Any CPU
		{B7EAA018-E0FC-4A5F-BDBE-94798E3365DE}.Release|Any CPU.Build.0 = Release|Any CPU
		{1B192269-2D69-4904-A679-AC402E89CAD3}.Debug|Any CPU.ActiveCfg = Debug|Any CPU
		{1B192269-2D69-4904-A679-AC402E89CAD3}.Debug|Any CPU.Build.0 = Debug|Any CPU
		{1B192269-2D69-4904-A679-AC402E89CAD3}.Release|Any CPU.ActiveCfg = Release|Any CPU
		{1B192269-2D69-4904-A679-AC402E89CAD3}.Release|Any CPU.Build.0 = Release|Any CPU
		{302487BE-82A1-4CEA-869E-634D70630FD7}.Debug|Any CPU.ActiveCfg = Debug|Any CPU
		{302487BE-82A1-4CEA-869E-634D70630FD7}.Debug|Any CPU.Build.0 = Debug|Any CPU
		{302487BE-82A1-4CEA-869E-634D70630FD7}.Release|Any CPU.ActiveCfg = Release|Any CPU
		{302487BE-82A1-4CEA-869E-634D70630FD7}.Release|Any CPU.Build.0 = Release|Any CPU
		{42FB4437-21F9-42F4-91DB-CE0F908CEAA8}.Debug|Any CPU.ActiveCfg = Debug|Any CPU
		{42FB4437-21F9-42F4-91DB-CE0F908CEAA8}.Debug|Any CPU.Build.0 = Debug|Any CPU
		{42FB4437-21F9-42F4-91DB-CE0F908CEAA8}.Release|Any CPU.ActiveCfg = Release|Any CPU
		{42FB4437-21F9-42F4-91DB-CE0F908CEAA8}.Release|Any CPU.Build.0 = Release|Any CPU
		{4CE6075F-1299-4DD1-8024-5828574443CE}.Debug|Any CPU.ActiveCfg = Debug|Any CPU
		{4CE6075F-1299-4DD1-8024-5828574443CE}.Debug|Any CPU.Build.0 = Debug|Any CPU
		{4CE6075F-1299-4DD1-8024-5828574443CE}.Release|Any CPU.ActiveCfg = Release|Any CPU
		{4CE6075F-1299-4DD1-8024-5828574443CE}.Release|Any CPU.Build.0 = Release|Any CPU
	EndGlobalSection
	GlobalSection(SolutionProperties) = preSolution
		HideSolutionNode = FALSE
	EndGlobalSection
	GlobalSection(ExtensibilityGlobals) = postSolution
		SolutionGuid = {F2DBC810-9DEF-45AD-896B-7F2CC872D706}
	EndGlobalSection
EndGlobal
